
Microsoft Visual Studio Solution File, Format Version 12.00
# Visual Studio 15
VisualStudioVersion = 15.0.26124.0
MinimumVisualStudioVersion = 15.0.26124.0
Project("{FAE04EC0-301F-11D3-BF4B-00C04F79EFBC}") = "CompanyEmployees.API", "CompanyEmployees.API\CompanyEmployees.API.csproj", "{5C9815F0-49E2-43DD-B47F-34C57B931D1D}"
EndProject
Project("{FAE04EC0-301F-11D3-BF4B-00C04F79EFBC}") = "CompanyEmployees.OAuth", "CompanyEmployees.OAuth\CompanyEmployees.OAuth.csproj", "{A3EFEC27-0110-4A44-A797-61827919C4A3}"
EndProject
Global
	GlobalSection(SolutionConfigurationPlatforms) = preSolution
		Debug|Any CPU = Debug|Any CPU
		Debug|x64 = Debug|x64
		Debug|x86 = Debug|x86
		Release|Any CPU = Release|Any CPU
		Release|x64 = Release|x64
		Release|x86 = Release|x86
	EndGlobalSection
	GlobalSection(SolutionProperties) = preSolution
		HideSolutionNode = FALSE
	EndGlobalSection
	GlobalSection(ProjectConfigurationPlatforms) = postSolution
		{5C9815F0-49E2-43DD-B47F-34C57B931D1D}.Debug|Any CPU.ActiveCfg = Debug|Any CPU
		{5C9815F0-49E2-43DD-B47F-34C57B931D1D}.Debug|Any CPU.Build.0 = Debug|Any CPU
		{5C9815F0-49E2-43DD-B47F-34C57B931D1D}.Debug|x64.ActiveCfg = Debug|Any CPU
		{5C9815F0-49E2-43DD-B47F-34C57B931D1D}.Debug|x64.Build.0 = Debug|Any CPU
		{5C9815F0-49E2-43DD-B47F-34C57B931D1D}.Debug|x86.ActiveCfg = Debug|Any CPU
		{5C9815F0-49E2-43DD-B47F-34C57B931D1D}.Debug|x86.Build.0 = Debug|Any CPU
		{5C9815F0-49E2-43DD-B47F-34C57B931D1D}.Release|Any CPU.ActiveCfg = Release|Any CPU
		{5C9815F0-49E2-43DD-B47F-34C57B931D1D}.Release|Any CPU.Build.0 = Release|Any CPU
		{5C9815F0-49E2-43DD-B47F-34C57B931D1D}.Release|x64.ActiveCfg = Release|Any CPU
		{5C9815F0-49E2-43DD-B47F-34C57B931D1D}.Release|x64.Build.0 = Release|Any CPU
		{5C9815F0-49E2-43DD-B47F-34C57B931D1D}.Release|x86.ActiveCfg = Release|Any CPU
		{5C9815F0-49E2-43DD-B47F-34C57B931D1D}.Release|x86.Build.0 = Release|Any CPU
		{A3EFEC27-0110-4A44-A797-61827919C4A3}.Debug|Any CPU.ActiveCfg = Debug|Any CPU
		{A3EFEC27-0110-4A44-A797-61827919C4A3}.Debug|Any CPU.Build.0 = Debug|Any CPU
		{A3EFEC27-0110-4A44-A797-61827919C4A3}.Debug|x64.ActiveCfg = Debug|Any CPU
		{A3EFEC27-0110-4A44-A797-61827919C4A3}.Debug|x64.Build.0 = Debug|Any CPU
		{A3EFEC27-0110-4A44-A797-61827919C4A3}.Debug|x86.ActiveCfg = Debug|Any CPU
		{A3EFEC27-0110-4A44-A797-61827919C4A3}.Debug|x86.Build.0 = Debug|Any CPU
		{A3EFEC27-0110-4A44-A797-61827919C4A3}.Release|Any CPU.ActiveCfg = Release|Any CPU
		{A3EFEC27-0110-4A44-A797-61827919C4A3}.Release|Any CPU.Build.0 = Release|Any CPU
		{A3EFEC27-0110-4A44-A797-61827919C4A3}.Release|x64.ActiveCfg = Release|Any CPU
		{A3EFEC27-0110-4A44-A797-61827919C4A3}.Release|x64.Build.0 = Release|Any CPU
		{A3EFEC27-0110-4A44-A797-61827919C4A3}.Release|x86.ActiveCfg = Release|Any CPU
		{A3EFEC27-0110-4A44-A797-61827919C4A3}.Release|x86.Build.0 = Release|Any CPU
	EndGlobalSection
EndGlobal
